github.com/Neczesk/mapmaker v0.0.0-20210402211423-c8235f7db413 h1:gLa/40CT4pvjhH8A3DdE8XXHXDNHEPq3uU+lDBUZkMU=
github.com/Neczesk/mapmaker v0.0.0-20210402211423-c8235f7db413/go.mod h1:uAL4lccsYqRP7uWSBmw7jGy5oS/v2eD2o/fyvdVRUIo=
github.com/mattn/go-sqlite3 v1.14.6/go.mod h1:NyWgC/yNuGj7Q9rpYnZvas74GogHl5/Z4A/KQRfk6bU=
